
Microsoft Visual Studio Solution File, Format Version 12.00
# Visual Studio Version 16
VisualStudioVersion = 16.0.30204.135
MinimumVisualStudioVersion = 10.0.40219.1
Project("{FAE04EC0-301F-11D3-BF4B-00C04F79EFBC}") = "BasicExercisesPart02", "BasicExercisesPart02\BasicExercisesPart02.csproj", "{12C486EA-E3E0-4B7A-8721-E9B74B4038E1}"
EndProject
Global
	GlobalSection(SolutionConfigurationPlatforms) = preSolution
		Debug|Any CPU = Debug|Any CPU
		Release|Any CPU = Release|Any CPU
	EndGlobalSection
	GlobalSection(ProjectConfigurationPlatforms) = postSolution
		{12C486EA-E3E0-4B7A-8721-E9B74B4038E1}.Debug|Any CPU.ActiveCfg = Debug|Any CPU
		{12C486EA-E3E0-4B7A-8721-E9B74B4038E1}.Debug|Any CPU.Build.0 = Debug|Any CPU
		{12C486EA-E3E0-4B7A-8721-E9B74B4038E1}.Release|Any CPU.ActiveCfg = Release|Any CPU
		{12C486EA-E3E0-4B7A-8721-E9B74B4038E1}.Release|Any CPU.Build.0 = Release|Any CPU
	EndGlobalSection
	GlobalSection(SolutionProperties) = preSolution
		HideSolutionNode = FALSE
	EndGlobalSection
	GlobalSection(ExtensibilityGlobals) = postSolution
		SolutionGuid = {1AE7ADF4-92FB-4DB0-A2B6-9D0D66D77A3C}
	EndGlobalSection
EndGlobal
